
Microsoft Visual Studio Solution File, Format Version 12.00
# Visual Studio Version 16
VisualStudioVersion = 16.0.30011.22
MinimumVisualStudioVersion = 10.0.40219.1
Project("{FAE04EC0-301F-11D3-BF4B-00C04F79EFBC}") = "SR2_VakhitovaDiana", "SR2_VakhitovaDiana\SR2_VakhitovaDiana.csproj", "{A6FB260B-9957-4D71-B28D-73DCEE617076}"
EndProject
Global
	GlobalSection(SolutionConfigurationPlatforms) = preSolution
		Debug|Any CPU = Debug|Any CPU
		Release|Any CPU = Release|Any CPU
	EndGlobalSection
	GlobalSection(ProjectConfigurationPlatforms) = postSolution
		{A6FB260B-9957-4D71-B28D-73DCEE617076}.Debug|Any CPU.ActiveCfg = Debug|Any CPU
		{A6FB260B-9957-4D71-B28D-73DCEE617076}.Debug|Any CPU.Build.0 = Debug|Any CPU
		{A6FB260B-9957-4D71-B28D-73DCEE617076}.Release|Any CPU.ActiveCfg = Release|Any CPU
		{A6FB260B-9957-4D71-B28D-73DCEE617076}.Release|Any CPU.Build.0 = Release|Any CPU
	EndGlobalSection
	GlobalSection(SolutionProperties) = preSolution
		HideSolutionNode = FALSE
	EndGlobalSection
	GlobalSection(ExtensibilityGlobals) = postSolution
		SolutionGuid = {6F0318C5-CA1A-4E9C-925C-40F7FF973D86}
	EndGlobalSection
EndGlobal
